
Microsoft Visual Studio Solution File, Format Version 12.00
# Visual Studio Version 17
VisualStudioVersion = 17.14.36623.8
MinimumVisualStudioVersion = 10.0.40219.1
Project("{FAE04EC0-301F-11D3-BF4B-00C04F79EFBC}") = "UserManagement.Api", "UserManagement.Api\UserManagement.Api.csproj", "{46CC5541-061A-4A6A-9E0A-A7E67663ABF8}"
EndProject
Project("{FAE04EC0-301F-11D3-BF4B-00C04F79EFBC}") = "UserNUnitTests", "UserTests\UserNUnitTests.csproj", "{3ED2A19E-8A4E-4312-9713-DF90DCD04377}"
EndProject
Project("{FAE04EC0-301F-11D3-BF4B-00C04F79EFBC}") = "UserManagement.Maui", "UserManagement.Maui\UserManagement.Maui.csproj", "{750B5360-3A82-4112-8CE5-FB7351E9D8E6}"
EndProject
Project("{2150E333-8FDC-42A3-9474-1A3956D46DE8}") = "Solution Items", "Solution Items", "{8EC462FD-D22E-90A8-E5CE-7E832BA40C5D}"
	ProjectSection(SolutionItems) = preProject
		README.md = README.md
	EndProjectSection
EndProject
Project("{FAE04EC0-301F-11D3-BF4B-00C04F79EFBC}") = "UserManagement.Common", "UserManagement.Common\UserManagement.Common.csproj", "{1A5A544C-1D41-4D07-AD57-7D2E2B5968ED}"
EndProject
Global
	GlobalSection(SolutionConfigurationPlatforms) = preSolution
		Debug|Any CPU = Debug|Any CPU
		Release|Any CPU = Release|Any CPU
	EndGlobalSection
	GlobalSection(ProjectConfigurationPlatforms) = postSolution
		{46CC5541-061A-4A6A-9E0A-A7E67663ABF8}.Debug|Any CPU.ActiveCfg = Debug|Any CPU
		{46CC5541-061A-4A6A-9E0A-A7E67663ABF8}.Debug|Any CPU.Build.0 = Debug|Any CPU
		{46CC5541-061A-4A6A-9E0A-A7E67663ABF8}.Release|Any CPU.ActiveCfg = Release|Any CPU
		{46CC5541-061A-4A6A-9E0A-A7E67663ABF8}.Release|Any CPU.Build.0 = Release|Any CPU
		{3ED2A19E-8A4E-4312-9713-DF90DCD04377}.Debug|Any CPU.ActiveCfg = Debug|Any CPU
		{3ED2A19E-8A4E-4312-9713-DF90DCD04377}.Debug|Any CPU.Build.0 = Debug|Any CPU
		{3ED2A19E-8A4E-4312-9713-DF90DCD04377}.Release|Any CPU.ActiveCfg = Release|Any CPU
		{3ED2A19E-8A4E-4312-9713-DF90DCD04377}.Release|Any CPU.Build.0 = Release|Any CPU
		{750B5360-3A82-4112-8CE5-FB7351E9D8E6}.Debug|Any CPU.ActiveCfg = Debug|Any CPU
		{750B5360-3A82-4112-8CE5-FB7351E9D8E6}.Debug|Any CPU.Build.0 = Debug|Any CPU
		{750B5360-3A82-4112-8CE5-FB7351E9D8E6}.Debug|Any CPU.Deploy.0 = Debug|Any CPU
		{750B5360-3A82-4112-8CE5-FB7351E9D8E6}.Release|Any CPU.ActiveCfg = Release|Any CPU
		{750B5360-3A82-4112-8CE5-FB7351E9D8E6}.Release|Any CPU.Build.0 = Release|Any CPU
		{1A5A544C-1D41-4D07-AD57-7D2E2B5968ED}.Debug|Any CPU.ActiveCfg = Debug|Any CPU
		{1A5A544C-1D41-4D07-AD57-7D2E2B5968ED}.Debug|Any CPU.Build.0 = Debug|Any CPU
		{1A5A544C-1D41-4D07-AD57-7D2E2B5968ED}.Release|Any CPU.ActiveCfg = Release|Any CPU
		{1A5A544C-1D41-4D07-AD57-7D2E2B5968ED}.Release|Any CPU.Build.0 = Release|Any CPU
	EndGlobalSection
	GlobalSection(SolutionProperties) = preSolution
		HideSolutionNode = FALSE
	EndGlobalSection
	GlobalSection(ExtensibilityGlobals) = postSolution
		SolutionGuid = {2804F3DD-412D-4F35-927C-37B6313FB96C}
	EndGlobalSection
EndGlobal
